// !$*UTF8*$!
{
	archiveVersion = 1;
	classes = {
	};
	objectVersion = 56;
	objects = {

/* Begin PBXBuildFile section */
		100000000000000000000101 /* main.swift in Sources */ = {isa = PBXBuildFile; fileRef = 100000000000000000000201 /* main.swift */; };
		100000000000000000000102 /* AppDelegate.swift in Sources */ = {isa = PBXBuildFile; fileRef = 100000000000000000000202 /* AppDelegate.swift */; };
		100000000000000000000103 /* Models.swift in Sources */ = {isa = PBXBuildFile; fileRef = 100000000000000000000203 /* Models.swift */; };
		100000000000000000000104 /* FeedStore.swift in Sources */ = {isa = PBXBuildFile; fileRef = 100000000000000000000204 /* FeedStore.swift */; };
		100000000000000000000105 /* RSSService.swift in Sources */ = {isa = PBXBuildFile; fileRef = 100000000000000000000205 /* RSSService.swift */; };
		100000000000000000000106 /* StatusMenuController.swift in Sources */ = {isa = PBXBuildFile; fileRef = 100000000000000000000206 /* StatusMenuController.swift */; };
		100000000000000000000107 /* PreferencesWindowController.swift in Sources */ = {isa = PBXBuildFile; fileRef = 100000000000000000000207 /* PreferencesWindowController.swift */; };
		100000000000000000000108 /* PreviewWindowController.swift in Sources */ = {isa = PBXBuildFile; fileRef = 100000000000000000000208 /* PreviewWindowController.swift */; };
		100000000000000000000109 /* WebKit.framework in Frameworks */ = {isa = PBXBuildFile; fileRef = 100000000000000000000209 /* WebKit.framework */; };
		100000000000000000000110 /* FeedIconCache.swift in Sources */ = {isa = PBXBuildFile; fileRef = 100000000000000000000211 /* FeedIconCache.swift */; };
		100000000000000000000111 /* Assets.xcassets in Resources */ = {isa = PBXBuildFile; fileRef = 100000000000000000000212 /* Assets.xcassets */; };
		100000000000000000000112 /* FeedTransfer.swift in Sources */ = {isa = PBXBuildFile; fileRef = 100000000000000000000213 /* FeedTransfer.swift */; };
		100000000000000000000113 /* WebAdBlocker.swift in Sources */ = {isa = PBXBuildFile; fileRef = 100000000000000000000214 /* WebAdBlocker.swift */; };
		100000000000000000000114 /* EasyListConverter.swift in Sources */ = {isa = PBXBuildFile; fileRef = 100000000000000000000215 /* EasyListConverter.swift */; };
		100000000000000000000115 /* FeedIconDiscoveryTests.swift in Sources */ = {isa = PBXBuildFile; fileRef = 100000000000000000000216 /* FeedIconDiscoveryTests.swift */; };
		100000000000000000000116 /* ModelsAndTransferTests.swift in Sources */ = {isa = PBXBuildFile; fileRef = 100000000000000000000217 /* ModelsAndTransferTests.swift */; };
		100000000000000000000117 /* FeedStoreTests.swift in Sources */ = {isa = PBXBuildFile; fileRef = 100000000000000000000218 /* FeedStoreTests.swift */; };
		100000000000000000000118 /* RSSServiceTests.swift in Sources */ = {isa = PBXBuildFile; fileRef = 100000000000000000000219 /* RSSServiceTests.swift */; };
		100000000000000000000119 /* EasyListConverterTests.swift in Sources */ = {isa = PBXBuildFile; fileRef = 100000000000000000000220 /* EasyListConverterTests.swift */; };
/* End PBXBuildFile section */

/* Begin PBXContainerItemProxy section */
		100000000000000000000505 /* PBXContainerItemProxy */ = {
			isa = PBXContainerItemProxy;
			containerPortal = 100000000000000000000701 /* Project object */;
			proxyType = 1;
			remoteGlobalIDString = 100000000000000000000501;
			remoteInfo = MicroRSS;
		};
/* End PBXContainerItemProxy section */

/* Begin PBXFileReference section */
		100000000000000000000001 /* MicroRSS.app */ = {isa = PBXFileReference; explicitFileType = wrapper.application; includeInIndex = 0; path = MicroRSS.app; sourceTree = BUILT_PRODUCTS_DIR; };
		100000000000000000000002 /* MicroRSSTests.xctest */ = {isa = PBXFileReference; explicitFileType = wrapper.cfbundle; includeInIndex = 0; path = MicroRSSTests.xctest; sourceTree = BUILT_PRODUCTS_DIR; };
		100000000000000000000201 /* main.swift */ = {isa = PBXFileReference; lastKnownFileType = sourcecode.swift; path = main.swift; sourceTree = "<group>"; };
		100000000000000000000202 /* AppDelegate.swift */ = {isa = PBXFileReference; lastKnownFileType = sourcecode.swift; path = AppDelegate.swift; sourceTree = "<group>"; };
		100000000000000000000203 /* Models.swift */ = {isa = PBXFileReference; lastKnownFileType = sourcecode.swift; path = Models.swift; sourceTree = "<group>"; };
		100000000000000000000204 /* FeedStore.swift */ = {isa = PBXFileReference; lastKnownFileType = sourcecode.swift; path = FeedStore.swift; sourceTree = "<group>"; };
		100000000000000000000205 /* RSSService.swift */ = {isa = PBXFileReference; lastKnownFileType = sourcecode.swift; path = RSSService.swift; sourceTree = "<group>"; };
		100000000000000000000206 /* StatusMenuController.swift */ = {isa = PBXFileReference; lastKnownFileType = sourcecode.swift; path = StatusMenuController.swift; sourceTree = "<group>"; };
		100000000000000000000207 /* PreferencesWindowController.swift */ = {isa = PBXFileReference; lastKnownFileType = sourcecode.swift; path = PreferencesWindowController.swift; sourceTree = "<group>"; };
		100000000000000000000208 /* PreviewWindowController.swift */ = {isa = PBXFileReference; lastKnownFileType = sourcecode.swift; path = PreviewWindowController.swift; sourceTree = "<group>"; };
		100000000000000000000209 /* WebKit.framework */ = {isa = PBXFileReference; lastKnownFileType = wrapper.framework; name = WebKit.framework; path = System/Library/Frameworks/WebKit.framework; sourceTree = SDKROOT; };
		100000000000000000000210 /* Info.plist */ = {isa = PBXFileReference; lastKnownFileType = text.plist.xml; path = Info.plist; sourceTree = "<group>"; };
		100000000000000000000211 /* FeedIconCache.swift */ = {isa = PBXFileReference; lastKnownFileType = sourcecode.swift; path = FeedIconCache.swift; sourceTree = "<group>"; };
		100000000000000000000212 /* Assets.xcassets */ = {isa = PBXFileReference; lastKnownFileType = folder.assetcatalog; path = Assets.xcassets; sourceTree = "<group>"; };
		100000000000000000000213 /* FeedTransfer.swift */ = {isa = PBXFileReference; lastKnownFileType = sourcecode.swift; path = FeedTransfer.swift; sourceTree = "<group>"; };
		100000000000000000000214 /* WebAdBlocker.swift */ = {isa = PBXFileReference; lastKnownFileType = sourcecode.swift; path = WebAdBlocker.swift; sourceTree = "<group>"; };
		100000000000000000000215 /* EasyListConverter.swift */ = {isa = PBXFileReference; lastKnownFileType = sourcecode.swift; path = EasyListConverter.swift; sourceTree = "<group>"; };
		100000000000000000000216 /* FeedIconDiscoveryTests.swift */ = {isa = PBXFileReference; lastKnownFileType = sourcecode.swift; path = FeedIconDiscoveryTests.swift; sourceTree = "<group>"; };
		100000000000000000000217 /* ModelsAndTransferTests.swift */ = {isa = PBXFileReference; lastKnownFileType = sourcecode.swift; path = ModelsAndTransferTests.swift; sourceTree = "<group>"; };
		100000000000000000000218 /* FeedStoreTests.swift */ = {isa = PBXFileReference; lastKnownFileType = sourcecode.swift; path = FeedStoreTests.swift; sourceTree = "<group>"; };
		100000000000000000000219 /* RSSServiceTests.swift */ = {isa = PBXFileReference; lastKnownFileType = sourcecode.swift; path = RSSServiceTests.swift; sourceTree = "<group>"; };
		100000000000000000000220 /* EasyListConverterTests.swift */ = {isa = PBXFileReference; lastKnownFileType = sourcecode.swift; path = EasyListConverterTests.swift; sourceTree = "<group>"; };
/* End PBXFileReference section */

/* Begin PBXFrameworksBuildPhase section */
		100000000000000000000301 /* Frameworks */ = {
			isa = PBXFrameworksBuildPhase;
			buildActionMask = 2147483647;
			files = (
				100000000000000000000109 /* WebKit.framework in Frameworks */,
			);
			runOnlyForDeploymentPostprocessing = 0;
		};
		100000000000000000000302 /* Frameworks */ = {
			isa = PBXFrameworksBuildPhase;
			buildActionMask = 2147483647;
			files = (
			);
			runOnlyForDeploymentPostprocessing = 0;
		};
/* End PBXFrameworksBuildPhase section */

/* Begin PBXGroup section */
		100000000000000000000401 = {
			isa = PBXGroup;
			children = (
				100000000000000000000402 /* MicroRSS */,
				100000000000000000000405 /* MicroRSSTests */,
				100000000000000000000403 /* Frameworks */,
				100000000000000000000404 /* Products */,
			);
			sourceTree = "<group>";
		};
		100000000000000000000402 /* MicroRSS */ = {
			isa = PBXGroup;
			children = (
				100000000000000000000201 /* main.swift */,
				100000000000000000000202 /* AppDelegate.swift */,
				100000000000000000000203 /* Models.swift */,
				100000000000000000000204 /* FeedStore.swift */,
				100000000000000000000205 /* RSSService.swift */,
				100000000000000000000206 /* StatusMenuController.swift */,
				100000000000000000000207 /* PreferencesWindowController.swift */,
				100000000000000000000208 /* PreviewWindowController.swift */,
				100000000000000000000211 /* FeedIconCache.swift */,
				100000000000000000000213 /* FeedTransfer.swift */,
				100000000000000000000214 /* WebAdBlocker.swift */,
				100000000000000000000215 /* EasyListConverter.swift */,
				100000000000000000000212 /* Assets.xcassets */,
				100000000000000000000210 /* Info.plist */,
			);
			path = MicroRSS;
			sourceTree = "<group>";
		};
		100000000000000000000403 /* Frameworks */ = {
			isa = PBXGroup;
			children = (
				100000000000000000000209 /* WebKit.framework */,
			);
			name = Frameworks;
			sourceTree = "<group>";
		};
		100000000000000000000404 /* Products */ = {
			isa = PBXGroup;
			children = (
				100000000000000000000001 /* MicroRSS.app */,
				100000000000000000000002 /* MicroRSSTests.xctest */,
			);
			name = Products;
			sourceTree = "<group>";
		};
		100000000000000000000405 /* MicroRSSTests */ = {
			isa = PBXGroup;
			children = (
				100000000000000000000216 /* FeedIconDiscoveryTests.swift */,
				100000000000000000000217 /* ModelsAndTransferTests.swift */,
				100000000000000000000218 /* FeedStoreTests.swift */,
				100000000000000000000219 /* RSSServiceTests.swift */,
				100000000000000000000220 /* EasyListConverterTests.swift */,
			);
			path = MicroRSSTests;
			sourceTree = "<group>";
		};
/* End PBXGroup section */

/* Begin PBXNativeTarget section */
		100000000000000000000501 /* MicroRSS */ = {
			isa = PBXNativeTarget;
			buildConfigurationList = 100000000000000000000901 /* Build configuration list for PBXNativeTarget "MicroRSS" */;
			buildPhases = (
				100000000000000000000601 /* Sources */,
				100000000000000000000301 /* Frameworks */,
				100000000000000000000602 /* Resources */,
				100000000000000000000603 /* Embed Git Commit */,
			);
			buildRules = (
			);
			dependencies = (
			);
			name = MicroRSS;
			productName = MicroRSS;
			productReference = 100000000000000000000001 /* MicroRSS.app */;
			productType = "com.apple.product-type.application";
		};
		100000000000000000000502 /* MicroRSSTests */ = {
			isa = PBXNativeTarget;
			buildConfigurationList = 100000000000000000000903 /* Build configuration list for PBXNativeTarget "MicroRSSTests" */;
			buildPhases = (
				100000000000000000000604 /* Sources */,
				100000000000000000000302 /* Frameworks */,
				100000000000000000000605 /* Resources */,
			);
			buildRules = (
			);
			dependencies = (
				100000000000000000000504 /* PBXTargetDependency */,
			);
			name = MicroRSSTests;
			productName = MicroRSSTests;
			productReference = 100000000000000000000002 /* MicroRSSTests.xctest */;
			productType = "com.apple.product-type.bundle.unit-test";
		};
/* End PBXNativeTarget section */

/* Begin PBXProject section */
		100000000000000000000701 /* Project object */ = {
			isa = PBXProject;
			attributes = {
				BuildIndependentTargetsInParallel = 1;
				LastSwiftUpdateCheck = 2650;
				LastUpgradeCheck = 2650;
				TargetAttributes = {
					100000000000000000000501 = {
						CreatedOnToolsVersion = 26.5;
					};
					100000000000000000000502 = {
						CreatedOnToolsVersion = 26.5;
						TestTargetID = 100000000000000000000501;
					};
				};
			};
			buildConfigurationList = 100000000000000000000902 /* Build configuration list for PBXProject "MicroRSS" */;
			compatibilityVersion = "Xcode 14.0";
			developmentRegion = en;
			hasScannedForEncodings = 0;
			knownRegions = (
				en,
				Base,
			);
			mainGroup = 100000000000000000000401;
			productRefGroup = 100000000000000000000404 /* Products */;
			projectDirPath = "";
			projectRoot = "";
			targets = (
				100000000000000000000501 /* MicroRSS */,
				100000000000000000000502 /* MicroRSSTests */,
			);
		};
/* End PBXProject section */

/* Begin PBXResourcesBuildPhase section */
		100000000000000000000602 /* Resources */ = {
			isa = PBXResourcesBuildPhase;
			buildActionMask = 2147483647;
			files = (
				100000000000000000000111 /* Assets.xcassets in Resources */,
			);
			runOnlyForDeploymentPostprocessing = 0;
		};
		100000000000000000000605 /* Resources */ = {
			isa = PBXResourcesBuildPhase;
			buildActionMask = 2147483647;
			files = (
			);
			runOnlyForDeploymentPostprocessing = 0;
		};
/* End PBXResourcesBuildPhase section */

/* Begin PBXShellScriptBuildPhase section */
		100000000000000000000603 /* Embed Git Commit */ = {
			isa = PBXShellScriptBuildPhase;
			alwaysOutOfDate = 1;
			buildActionMask = 2147483647;
			files = (
			);
			inputPaths = (
				"$(SRCROOT)/.git",
			);
			name = "Embed Git Commit";
			outputPaths = (
				"$(TARGET_BUILD_DIR)/$(UNLOCALIZED_RESOURCES_FOLDER_PATH)/GitCommit.txt",
			);
			runOnlyForDeploymentPostprocessing = 0;
			shellPath = /bin/sh;
			shellScript = "set -eu\ncommit=\"$(git -C \"$SRCROOT\" rev-parse --short=7 HEAD)\"\nprintf '%s\\n' \"$commit\" > \"$SCRIPT_OUTPUT_FILE_0\"\n";
		};
/* End PBXShellScriptBuildPhase section */

/* Begin PBXSourcesBuildPhase section */
		100000000000000000000601 /* Sources */ = {
			isa = PBXSourcesBuildPhase;
			buildActionMask = 2147483647;
			files = (
				100000000000000000000101 /* main.swift in Sources */,
				100000000000000000000102 /* AppDelegate.swift in Sources */,
				100000000000000000000103 /* Models.swift in Sources */,
				100000000000000000000104 /* FeedStore.swift in Sources */,
				100000000000000000000105 /* RSSService.swift in Sources */,
				100000000000000000000106 /* StatusMenuController.swift in Sources */,
				100000000000000000000107 /* PreferencesWindowController.swift in Sources */,
				100000000000000000000108 /* PreviewWindowController.swift in Sources */,
				100000000000000000000110 /* FeedIconCache.swift in Sources */,
				100000000000000000000112 /* FeedTransfer.swift in Sources */,
				100000000000000000000113 /* WebAdBlocker.swift in Sources */,
				100000000000000000000114 /* EasyListConverter.swift in Sources */,
			);
			runOnlyForDeploymentPostprocessing = 0;
		};
		100000000000000000000604 /* Sources */ = {
			isa = PBXSourcesBuildPhase;
			buildActionMask = 2147483647;
			files = (
				100000000000000000000115 /* FeedIconDiscoveryTests.swift in Sources */,
				100000000000000000000116 /* ModelsAndTransferTests.swift in Sources */,
				100000000000000000000117 /* FeedStoreTests.swift in Sources */,
				100000000000000000000118 /* RSSServiceTests.swift in Sources */,
				100000000000000000000119 /* EasyListConverterTests.swift in Sources */,
			);
			runOnlyForDeploymentPostprocessing = 0;
		};
/* End PBXSourcesBuildPhase section */

/* Begin PBXTargetDependency section */
		100000000000000000000504 /* PBXTargetDependency */ = {
			isa = PBXTargetDependency;
			target = 100000000000000000000501 /* MicroRSS */;
			targetProxy = 100000000000000000000505 /* PBXContainerItemProxy */;
		};
/* End PBXTargetDependency section */

/* Begin XCBuildConfiguration section */
		100000000000000000000801 /* Debug */ = {
			isa = XCBuildConfiguration;
			buildSettings = {
				ALWAYS_SEARCH_USER_PATHS = NO;
				ENABLE_TESTABILITY = YES;
				MACOSX_DEPLOYMENT_TARGET = 14.0;
				ONLY_ACTIVE_ARCH = YES;
				SWIFT_ACTIVE_COMPILATION_CONDITIONS = DEBUG;
				SWIFT_OPTIMIZATION_LEVEL = "-Onone";
			};
			name = Debug;
		};
		100000000000000000000802 /* Release */ = {
			isa = XCBuildConfiguration;
			buildSettings = {
				ALWAYS_SEARCH_USER_PATHS = NO;
				MACOSX_DEPLOYMENT_TARGET = 14.0;
			};
			name = Release;
		};
		100000000000000000000803 /* Debug */ = {
			isa = XCBuildConfiguration;
			buildSettings = {
				ALWAYS_SEARCH_USER_PATHS = NO;
				ASSETCATALOG_COMPILER_APPICON_NAME = AppIcon;
				CODE_SIGN_STYLE = Automatic;
				DEVELOPMENT_TEAM = 2RJGJFQNA5;
				ENABLE_USER_SCRIPT_SANDBOXING = NO;
				GENERATE_INFOPLIST_FILE = NO;
				INFOPLIST_FILE = MicroRSS/Info.plist;
				INFOPLIST_KEY_LSApplicationCategoryType = "public.app-category.news";
				LD_RUNPATH_SEARCH_PATHS = (
					"$(inherited)",
					"@executable_path/../Frameworks",
				);
				PRODUCT_BUNDLE_IDENTIFIER = org.stribor.microrss;
				PRODUCT_NAME = "$(TARGET_NAME)";
				SWIFT_VERSION = 6.0;
			};
			name = Debug;
		};
		100000000000000000000804 /* Release */ = {
			isa = XCBuildConfiguration;
			buildSettings = {
				ALWAYS_SEARCH_USER_PATHS = NO;
				ASSETCATALOG_COMPILER_APPICON_NAME = AppIcon;
				CODE_SIGN_STYLE = Automatic;
				DEVELOPMENT_TEAM = 2RJGJFQNA5;
				ENABLE_USER_SCRIPT_SANDBOXING = NO;
				GENERATE_INFOPLIST_FILE = NO;
				INFOPLIST_FILE = MicroRSS/Info.plist;
				INFOPLIST_KEY_LSApplicationCategoryType = "public.app-category.news";
				LD_RUNPATH_SEARCH_PATHS = (
					"$(inherited)",
					"@executable_path/../Frameworks",
				);
				PRODUCT_BUNDLE_IDENTIFIER = org.stribor.microrss;
				PRODUCT_NAME = "$(TARGET_NAME)";
				SWIFT_VERSION = 6.0;
			};
			name = Release;
		};
		100000000000000000000805 /* Debug */ = {
			isa = XCBuildConfiguration;
			buildSettings = {
				BUNDLE_LOADER = "$(TEST_HOST)";
				CODE_SIGN_STYLE = Automatic;
				DEVELOPMENT_TEAM = 2RJGJFQNA5;
				GENERATE_INFOPLIST_FILE = YES;
				MACOSX_DEPLOYMENT_TARGET = 14.0;
				PRODUCT_BUNDLE_IDENTIFIER = org.stribor.microrss.tests;
				PRODUCT_NAME = "$(TARGET_NAME)";
				SWIFT_VERSION = 6.0;
				TEST_HOST = "$(BUILT_PRODUCTS_DIR)/MicroRSS.app/Contents/MacOS/MicroRSS";
			};
			name = Debug;
		};
		100000000000000000000806 /* Release */ = {
			isa = XCBuildConfiguration;
			buildSettings = {
				BUNDLE_LOADER = "$(TEST_HOST)";
				CODE_SIGN_STYLE = Automatic;
				DEVELOPMENT_TEAM = 2RJGJFQNA5;
				GENERATE_INFOPLIST_FILE = YES;
				MACOSX_DEPLOYMENT_TARGET = 14.0;
				PRODUCT_BUNDLE_IDENTIFIER = org.stribor.microrss.tests;
				PRODUCT_NAME = "$(TARGET_NAME)";
				SWIFT_VERSION = 6.0;
				TEST_HOST = "$(BUILT_PRODUCTS_DIR)/MicroRSS.app/Contents/MacOS/MicroRSS";
			};
			name = Release;
		};
/* End XCBuildConfiguration section */

/* Begin XCConfigurationList section */
		100000000000000000000901 /* Build configuration list for PBXNativeTarget "MicroRSS" */ = {
			isa = XCConfigurationList;
			buildConfigurations = (
				100000000000000000000803 /* Debug */,
				100000000000000000000804 /* Release */,
			);
			defaultConfigurationIsVisible = 0;
			defaultConfigurationName = Release;
		};
		100000000000000000000902 /* Build configuration list for PBXProject "MicroRSS" */ = {
			isa = XCConfigurationList;
			buildConfigurations = (
				100000000000000000000801 /* Debug */,
				100000000000000000000802 /* Release */,
			);
			defaultConfigurationIsVisible = 0;
			defaultConfigurationName = Release;
		};
		100000000000000000000903 /* Build configuration list for PBXNativeTarget "MicroRSSTests" */ = {
			isa = XCConfigurationList;
			buildConfigurations = (
				100000000000000000000805 /* Debug */,
				100000000000000000000806 /* Release */,
			);
			defaultConfigurationIsVisible = 0;
			defaultConfigurationName = Release;
		};
/* End XCConfigurationList section */
	};
	rootObject = 100000000000000000000701 /* Project object */;
}
